# @generated by Move, please check-in and do not edit manually.

[move]
version = 3
manifest_digest = "D5C98006893555568DF546C3970A6DC6E23F0BC9EF0DEDC7A010537040F44D47"
deps_digest = "F8BBB0CCB2491CA29A3DF03D6F92277A4F3574266507ACD77214D37ECA3F3082"
dependencies = [
  { id = "Sui", name = "Sui" },
]

[[move.package]]
id = "MoveStdlib"
source = { git = "https://github.com/MystenLabs/sui.git", rev = "framework/mainnet", subdir = "crates/sui-framework/packages/move-stdlib" }

[[move.package]]
id = "Sui"
source = { git = "https://github.com/MystenLabs/sui.git", rev = "framework/mainnet", subdir = "crates/sui-framework/packages/sui-framework" }

dependencies = [
  { id = "MoveStdlib", name = "MoveStdlib" },
]

[move.toolchain-version]
compiler-version = "1.60.0"
edition = "2024"
flavor = "sui"

[env]

[env.testnet]
chain-id = "4c78adac"
original-published-id = "0x4c8f73243c05729975daedaf3c66b93bf54d5b4a3a8688cce74ea3dbf44659dc"
latest-published-id = "0x4c8f73243c05729975daedaf3c66b93bf54d5b4a3a8688cce74ea3dbf44659dc"
published-version = "1"
